
Microsoft Visual Studio Solution File, Format Version 12.00
# Visual Studio Version 17
VisualStudioVersion = 17.4.33213.308
MinimumVisualStudioVersion = 10.0.40219.1
Project("{9A19103F-16F7-4668-BE54-9A1E7A4F7556}") = "main", "main.csproj", "{D6F403A1-DF9D-4D09-B5FA-4FDE4E715DBA}"
EndProject
Global
	GlobalSection(SolutionConfigurationPlatforms) = preSolution
		Debug|Any CPU = Debug|Any CPU
		Release|Any CPU = Release|Any CPU
	EndGlobalSection
	GlobalSection(ProjectConfigurationPlatforms) = postSolution
		{D6F403A1-DF9D-4D09-B5FA-4FDE4E715DBA}.Debug|Any CPU.ActiveCfg = Debug|Any CPU
		{D6F403A1-DF9D-4D09-B5FA-4FDE4E715DBA}.Debug|Any CPU.Build.0 = Debug|Any CPU
		{D6F403A1-DF9D-4D09-B5FA-4FDE4E715DBA}.Release|Any CPU.ActiveCfg = Release|Any CPU
		{D6F403A1-DF9D-4D09-B5FA-4FDE4E715DBA}.Release|Any CPU.Build.0 = Release|Any CPU
	EndGlobalSection
	GlobalSection(SolutionProperties) = preSolution
		HideSolutionNode = FALSE
	EndGlobalSection
	GlobalSection(ExtensibilityGlobals) = postSolution
		SolutionGuid = {199A8B03-6FD5-4F32-A2B1-E1E17CF814C0}
	EndGlobalSection
EndGlobal
